
Microsoft Visual Studio Solution File, Format Version 12.00
# Visual Studio Version 16
VisualStudioVersion = 16.0.30330.147
MinimumVisualStudioVersion = 10.0.40219.1
Project("{FAE04EC0-301F-11D3-BF4B-00C04F79EFBC}") = "Fluent", "Fluent\Fluent.csproj", "{26138C82-FE9B-4C0E-BD78-3B888492D46F}"
EndProject
Project("{FAE04EC0-301F-11D3-BF4B-00C04F79EFBC}") = "Demo", "Demo\Demo.csproj", "{5D1B16E3-5924-4B50-B6CC-DDBC6E0FA643}"
EndProject
Global
	GlobalSection(SolutionConfigurationPlatforms) = preSolution
		Debug|Any CPU = Debug|Any CPU
		Release|Any CPU = Release|Any CPU
	EndGlobalSection
	GlobalSection(ProjectConfigurationPlatforms) = postSolution
		{26138C82-FE9B-4C0E-BD78-3B888492D46F}.Debug|Any CPU.ActiveCfg = Debug|Any CPU
		{26138C82-FE9B-4C0E-BD78-3B888492D46F}.Debug|Any CPU.Build.0 = Debug|Any CPU
		{26138C82-FE9B-4C0E-BD78-3B888492D46F}.Release|Any CPU.ActiveCfg = Release|Any CPU
		{26138C82-FE9B-4C0E-BD78-3B888492D46F}.Release|Any CPU.Build.0 = Release|Any CPU
		{5D1B16E3-5924-4B50-B6CC-DDBC6E0FA643}.Debug|Any CPU.ActiveCfg = Debug|Any CPU
		{5D1B16E3-5924-4B50-B6CC-DDBC6E0FA643}.Debug|Any CPU.Build.0 = Debug|Any CPU
		{5D1B16E3-5924-4B50-B6CC-DDBC6E0FA643}.Release|Any CPU.ActiveCfg = Release|Any CPU
		{5D1B16E3-5924-4B50-B6CC-DDBC6E0FA643}.Release|Any CPU.Build.0 = Release|Any CPU
	EndGlobalSection
	GlobalSection(SolutionProperties) = preSolution
		HideSolutionNode = FALSE
	EndGlobalSection
	GlobalSection(ExtensibilityGlobals) = postSolution
		SolutionGuid = {ADD447A2-6377-46F9-97FD-D1FFF3CBF378}
	EndGlobalSection
EndGlobal
